PODS:
  - Capacitor (6.2.0):
    - CapacitorCordova
  - CapacitorCordova (6.2.0)
  - CapacitorPreferences (6.0.3):
    - Capacitor

DEPENDENCIES:
  - "Capacitor (from `../../node_modules/@capacitor/ios`)"
  - "CapacitorCordova (from `../../node_modules/@capacitor/ios`)"
  - "CapacitorPreferences (from `../../node_modules/@capacitor/preferences`)"

EXTERNAL SOURCES:
  Capacitor:
    :path: "../../node_modules/@capacitor/ios"
  CapacitorCordova:
    :path: "../../node_modules/@capacitor/ios"
  CapacitorPreferences:
    :path: "../../node_modules/@capacitor/preferences"

SPEC CHECKSUMS:
  Capacitor: 05d35014f4425b0740fc8776481f6a369ad071bf
  CapacitorCordova: b33e7f4aa4ed105dd43283acdd940964374a87d9
  CapacitorPreferences: f3eadae2369ac3ab8e21743a2959145b0d1286a3

PODFILE CHECKSUM: 769e120bf4dfe4ef1095b83775e36bafeeeb3cdd

COCOAPODS: 1.16.2
